
Microsoft Visual Studio Solution File, Format Version 12.00
# Visual Studio Version 16
VisualStudioVersion = 16.0.31129.286
MinimumVisualStudioVersion = 10.0.40219.1
Project("{FAE04EC0-301F-11D3-BF4B-00C04F79EFBC}") = "NorthwindWeb", "NorthwindWeb\NorthwindWeb.csproj", "{465C4E88-0DAF-4DF5-AF7A-9F869C83E11B}"
EndProject
Global
	GlobalSection(SolutionConfigurationPlatforms) = preSolution
		Debug|Any CPU = Debug|Any CPU
		Release|Any CPU = Release|Any CPU
	EndGlobalSection
	GlobalSection(ProjectConfigurationPlatforms) = postSolution
		{465C4E88-0DAF-4DF5-AF7A-9F869C83E11B}.Debug|Any CPU.ActiveCfg = Debug|Any CPU
		{465C4E88-0DAF-4DF5-AF7A-9F869C83E11B}.Debug|Any CPU.Build.0 = Debug|Any CPU
		{465C4E88-0DAF-4DF5-AF7A-9F869C83E11B}.Release|Any CPU.ActiveCfg = Release|Any CPU
		{465C4E88-0DAF-4DF5-AF7A-9F869C83E11B}.Release|Any CPU.Build.0 = Release|Any CPU
	EndGlobalSection
	GlobalSection(SolutionProperties) = preSolution
		HideSolutionNode = FALSE
	EndGlobalSection
	GlobalSection(ExtensibilityGlobals) = postSolution
		SolutionGuid = {FD8C15A0-4629-4A35-AB43-462170EF29FE}
	EndGlobalSection
EndGlobal
